{
  "name": "fogsaadiff",
  "version": "1.0.0",
  "lockfileVersion": 3,
  "requires": true,
  "packages": {
    "": {
      "name": "fogsaadiff",
      "version": "1.0.0",
      "license": "ISC",
      "dependencies": {
        "immutable-json-patch": "^1.1.1"
      }
    },
    "node_modules/immutable-json-patch": {
      "version": "1.1.1",
      "resolved": "https://registry.npmjs.org/immutable-json-patch/-/immutable-json-patch-1.1.1.tgz",
      "integrity": "sha512-MXPZiSXotVEKONFbgYC+5g74Nn5WQNI85dI16PT9+hiqBDolaidQto5UNcxfTy4LXbAL+CTh+pN9Eh62DuuUXg=="
    }
  }
}
